
Microsoft Visual Studio Solution File, Format Version 12.00
# Visual Studio Version 17
VisualStudioVersion = 17.6.33815.320
MinimumVisualStudioVersion = 10.0.40219.1
Project("{FAE04EC0-301F-11D3-BF4B-00C04F79EFBC}") = "lc_single_number", "lc_single_number\lc_single_number.csproj", "{59A92873-77FC-4880-956F-B70162CD9A43}"
EndProject
Global
	GlobalSection(SolutionConfigurationPlatforms) = preSolution
		Debug|Any CPU = Debug|Any CPU
		Release|Any CPU = Release|Any CPU
	EndGlobalSection
	GlobalSection(ProjectConfigurationPlatforms) = postSolution
		{59A92873-77FC-4880-956F-B70162CD9A43}.Debug|Any CPU.ActiveCfg = Debug|Any CPU
		{59A92873-77FC-4880-956F-B70162CD9A43}.Debug|Any CPU.Build.0 = Debug|Any CPU
		{59A92873-77FC-4880-956F-B70162CD9A43}.Release|Any CPU.ActiveCfg = Release|Any CPU
		{59A92873-77FC-4880-956F-B70162CD9A43}.Release|Any CPU.Build.0 = Release|Any CPU
	EndGlobalSection
	GlobalSection(SolutionProperties) = preSolution
		HideSolutionNode = FALSE
	EndGlobalSection
	GlobalSection(ExtensibilityGlobals) = postSolution
		SolutionGuid = {08698B17-A0C9-4DFF-9520-DC11F732FA59}
	EndGlobalSection
EndGlobal
